{
    "_meta": {
        "hash": {
            "sha256": "050e33b301ae22b8f97eb8b7d2c2837bbe58cfb888563aa052ecdcf7a897c54b"
        },
        "pipfile-spec": 6,
        "requires": {
            "python_version": "3.5"
        },
        "sources": [
            {
                "name": "pypi",
                "url": "https://pypi.org/simple",
                "verify_ssl": true
            }
        ]
    },
    "default": {
        "decorator": {
            "hashes": [
                "sha256:2c51dff8ef3c447388fe5e4453d24a2bf128d3a4c32af3fabef1f01c6851ab82",
                "sha256:c39efa13fbdeb4506c476c9b3babf6a718da943dab7811c206005a4a956c080c"
            ],
            "version": "==4.3.0"
        },
        "networkx": {
            "hashes": [
                "sha256:45e56f7ab6fe81652fb4bc9f44faddb0e9025f469f602df14e3b2551c2ea5c8b"
            ],
            "index": "pypi",
            "version": "==2.2"
        },
        "ortools": {
            "hashes": [
                "sha256:22462c3866fa9092cc522698beed61a650e4713395eb7f7da2f1db6f00235559",
                "sha256:32a64203c419712d840977cbcb0058a416eb7f41346a27d565843bea090a585c",
                "sha256:469396ea7b3a801bbeb950653b57fc4888b271e8fa97d169c9086f13c9c810a4",
                "sha256:49cec7182ea6cadf0576b820b55b3508bc39e23b84ffaa696113f96db50fdfd2",
                "sha256:4c6fba7f2c9a5ef2f86850801731068a234d3342665b5ed5944814a24f57ab87",
                "sha256:64718e3b080f5cad0dee7c44d592028e1897441ba3a22935795fa96d7ed0910d",
                "sha256:76bce0a514962e78501effac08ba23a0a254af56947f7600a590c402008079ef",
                "sha256:7783657be684805feb8a55a277ccaf7940ca04e65a60056eddec6eead627bc8c",
                "sha256:88081f38b55c87ba7db28e1818b1a6700fe6fd6a9fe4e6955470a56093da089a",
                "sha256:911608dcc271b0d8839dc24b254490015b4c5ed61d7c809c5de65135d61fddd1",
                "sha256:c976621cbc033a922a6e7380c49e41c7597606fd2ab6cd2cd19c8cf9cf9229ff",
                "sha256:ff35c37835ce9ff9dbdedd1a424985fc5781cfc260009a6b199cae1e58441d95"
            ],
            "index": "pypi",
            "version": "==6.9.5824"
        },
        "protobuf": {
            "hashes": [
                "sha256:10394a4d03af7060fa8a6e1cbf38cea44be1467053b0aea5bbfcb4b13c4b88c4",
                "sha256:1489b376b0f364bcc6f89519718c057eb191d7ad6f1b395ffd93d1aa45587811",
                "sha256:1931d8efce896981fe410c802fd66df14f9f429c32a72dd9cfeeac9815ec6444",
                "sha256:196d3a80f93c537f27d2a19a4fafb826fb4c331b0b99110f985119391d170f96",
                "sha256:46e34fdcc2b1f2620172d3a4885128705a4e658b9b62355ae5e98f9ea19f42c2",
                "sha256:59cd75ded98094d3cf2d79e84cdb38a46e33e7441b2826f3838dcc7c07f82995",
                "sha256:5ee0522eed6680bb5bac5b6d738f7b0923b3cafce8c4b1a039a6107f0841d7ed",
                "sha256:65917cfd5da9dfc993d5684643063318a2e875f798047911a9dd71ca066641c9",
                "sha256:685bc4ec61a50f7360c9fd18e277b65db90105adbf9c79938bd315435e526b90",
                "sha256:92e8418976e52201364a3174e40dc31f5fd8c147186d72380cbda54e0464ee19",
                "sha256:9335f79d1940dfb9bcaf8ec881fb8ab47d7a2c721fb8b02949aab8bbf8b68625",
                "sha256:a7ee3bb6de78185e5411487bef8bc1c59ebd97e47713cba3c460ef44e99b3db9",
                "sha256:ceec283da2323e2431c49de58f80e1718986b79be59c266bb0509cbf90ca5b9e",
                "sha256:fcfc907746ec22716f05ea96b7f41597dfe1a1c088f861efb8a0d4f4196a6f10"
            ],
            "version": "==3.6.1"
        },
        "pyparsing": {
            "hashes": [
                "sha256:bc6c7146b91af3f567cf6daeaec360bc07d45ffec4cf5353f4d7a208ce7ca30a",
                "sha256:d29593d8ebe7b57d6967b62494f8c72b03ac0262b1eed63826c6f788b3606401"
            ],
            "index": "pypi",
            "version": "==2.2.2"
        },
        "six": {
            "hashes": [
                "sha256:70e8a77beed4562e7f14fe23a786b54f6296e34344c23bc42f07b15018ff98e9",
                "sha256:832dc0e10feb1aa2c68dcc57dbb658f1c7e65b9b61af69048abc87a2db00a0eb"
            ],
            "version": "==1.11.0"
        }
    },
    "develop": {}
}
